// !$*UTF8*$!
{
	archiveVersion = 1;
	classes = {
	};
	objectVersion = 46;
	objects = {

/* Begin PBXBuildFile section */
		88081E231DAE71D800EEB6E2 /* AppDelegate.swift in Sources */ = {isa = PBXBuildFile; fileRef = 88081E221DAE71D800EEB6E2 /* AppDelegate.swift */; };
		88081E251DAE71D800EEB6E2 /* ViewController.swift in Sources */ = {isa = PBXBuildFile; fileRef = 88081E241DAE71D800EEB6E2 /* ViewController.swift */; };
		88081E281DAE71D800EEB6E2 /* Main.storyboard in Resources */ = {isa = PBXBuildFile; fileRef = 88081E261DAE71D800EEB6E2 /* Main.storyboard */; };
		88081E2A1DAE71D800EEB6E2 /* Assets.xcassets in Resources */ = {isa = PBXBuildFile; fileRef = 88081E291DAE71D800EEB6E2 /* Assets.xcassets */; };
		88081E2D1DAE71D800EEB6E2 /* LaunchScreen.storyboard in Resources */ = {isa = PBXBuildFile; fileRef = 88081E2B1DAE71D800EEB6E2 /* LaunchScreen.storyboard */; };
/* End PBXBuildFile section */

/* Begin PBXFileReference section */
		88081E1F1DAE71D800EEB6E2 /* checkAround.app */ = {isa = PBXFileReference; explicitFileType = wrapper.application; includeInIndex = 0; path = checkAround.app; sourceTree = BUILT_PRODUCTS_DIR; };
		88081E221DAE71D800EEB6E2 /* AppDelegate.swift */ = {isa = PBXFileReference; lastKnownFileType = sourcecode.swift; path = AppDelegate.swift; sourceTree = "<group>"; };
		88081E241DAE71D800EEB6E2 /* ViewController.swift */ = {isa = PBXFileReference; lastKnownFileType = sourcecode.swift; path = ViewController.swift; sourceTree = "<group>"; };
		88081E271DAE71D800EEB6E2 /* Base */ = {isa = PBXFileReference; lastKnownFileType = file.storyboard; name = Base; path = Base.lproj/Main.storyboard; sourceTree = "<group>"; };
		88081E291DAE71D800EEB6E2 /* Assets.xcassets */ = {isa = PBXFileReference; lastKnownFileType = folder.assetcatalog; path = Assets.xcassets; sourceTree = "<group>"; };
		88081E2C1DAE71D800EEB6E2 /* Base */ = {isa = PBXFileReference; lastKnownFileType = file.storyboard; name = Base; path = Base.lproj/LaunchScreen.storyboard; sourceTree = "<group>"; };
		88081E2E1DAE71D800EEB6E2 /* Info.plist */ = {isa = PBXFileReference; lastKnownFileType = text.plist.xml; path = Info.plist; sourceTree = "<group>"; };
/* End PBXFileReference section */

/* Begin PBXFrameworksBuildPhase section */
		88081E1C1DAE71D800EEB6E2 /* Frameworks */ = {
			isa = PBXFrameworksBuildPhase;
			buildActionMask = 2147483647;
			files = (
			);
			runOnlyForDeploymentPostprocessing = 0;
		};
/* End PBXFrameworksBuildPhase section */

/* Begin PBXGroup section */
		88081E161DAE71D800EEB6E2 = {
			isa = PBXGroup;
			children = (
				88081E211DAE71D800EEB6E2 /* checkAround */,
				88081E201DAE71D800EEB6E2 /* Products */,
			);
			sourceTree = "<group>";
		};
		88081E201DAE71D800EEB6E2 /* Products */ = {
			isa = PBXGroup;
			children = (
				88081E1F1DAE71D800EEB6E2 /* checkAround.app */,
			);
			name = Products;
			sourceTree = "<group>";
		};
		88081E211DAE71D800EEB6E2 /* checkAround */ = {
			isa = PBXGroup;
			children = (
				88081E221DAE71D800EEB6E2 /* AppDelegate.swift */,
				88081E241DAE71D800EEB6E2 /* ViewController.swift */,
				88081E261DAE71D800EEB6E2 /* Main.storyboard */,
				88081E291DAE71D800EEB6E2 /* Assets.xcassets */,
				88081E2B1DAE71D800EEB6E2 /* LaunchScreen.storyboard */,
				88081E2E1DAE71D800EEB6E2 /* Info.plist */,
			);
			path = checkAround;
			sourceTree = "<group>";
		};
/* End PBXGroup section */

/* Begin PBXNativeTarget section */
		88081E1E1DAE71D800EEB6E2 /* checkAround */ = {
			isa = PBXNativeTarget;
			buildConfigurationList = 88081E311DAE71D800EEB6E2 /* Build configuration list for PBXNativeTarget "checkAround" */;
			buildPhases = (
				88081E1B1DAE71D800EEB6E2 /* Sources */,
				88081E1C1DAE71D800EEB6E2 /* Frameworks */,
				88081E1D1DAE71D800EEB6E2 /* Resources */,
			);
			buildRules = (
			);
			dependencies = (
			);
			name = checkAround;
			productName = checkAround;
			productReference = 88081E1F1DAE71D800EEB6E2 /* checkAround.app */;
			productType = "com.apple.product-type.application";
		};
/* End PBXNativeTarget section */

/* Begin PBXProject section */
		88081E171DAE71D800EEB6E2 /* Project object */ = {
			isa = PBXProject;
			attributes = {
				LastSwiftUpdateCheck = 0800;
				LastUpgradeCheck = 0800;
				ORGANIZATIONNAME = "Mathias Ericsson";
				TargetAttributes = {
					88081E1E1DAE71D800EEB6E2 = {
						CreatedOnToolsVersion = 8.0;
						DevelopmentTeam = FZJ8E7HV9N;
						ProvisioningStyle = Automatic;
					};
				};
			};
			buildConfigurationList = 88081E1A1DAE71D800EEB6E2 /* Build configuration list for PBXProject "checkAround" */;
			compatibilityVersion = "Xcode 3.2";
			developmentRegion = English;
			hasScannedForEncodings = 0;
			knownRegions = (
				en,
				Base,
			);
			mainGroup = 88081E161DAE71D800EEB6E2;
			productRefGroup = 88081E201DAE71D800EEB6E2 /* Products */;
			projectDirPath = "";
			projectRoot = "";
			targets = (
				88081E1E1DAE71D800EEB6E2 /* checkAround */,
			);
		};
/* End PBXProject section */

/* Begin PBXResourcesBuildPhase section */
		88081E1D1DAE71D800EEB6E2 /* Resources */ = {
			isa = PBXResourcesBuildPhase;
			buildActionMask = 2147483647;
			files = (
				88081E2D1DAE71D800EEB6E2 /* LaunchScreen.storyboard in Resources */,
				88081E2A1DAE71D800EEB6E2 /* Assets.xcassets in Resources */,
				88081E281DAE71D800EEB6E2 /* Main.storyboard in Resources */,
			);
			runOnlyForDeploymentPostprocessing = 0;
		};
/* End PBXResourcesBuildPhase section */

/* Begin PBXSourcesBuildPhase section */
		88081E1B1DAE71D800EEB6E2 /* Sources */ = {
			isa = PBXSourcesBuildPhase;
			buildActionMask = 2147483647;
			files = (
				88081E251DAE71D800EEB6E2 /* ViewController.swift in Sources */,
				88081E231DAE71D800EEB6E2 /* AppDelegate.swift in Sources */,
			);
			runOnlyForDeploymentPostprocessing = 0;
		};
/* End PBXSourcesBuildPhase section */

/* Begin PBXVariantGroup section */
		88081E261DAE71D800EEB6E2 /* Main.storyboard */ = {
			isa = PBXVariantGroup;
			children = (
				88081E271DAE71D800EEB6E2 /* Base */,
			);
			name = Main.storyboard;
			sourceTree = "<group>";
		};
		88081E2B1DAE71D800EEB6E2 /* LaunchScreen.storyboard */ = {
			isa = PBXVariantGroup;
			children = (
				88081E2C1DAE71D800EEB6E2 /* Base */,
			);
			name = LaunchScreen.storyboard;
			sourceTree = "<group>";
		};
/* End PBXVariantGroup section */

/* Begin XCBuildConfiguration section */
		88081E2F1DAE71D800EEB6E2 /* Debug */ = {
			isa = XCBuildConfiguration;
			buildSettings = {
				ALWAYS_SEARCH_USER_PATHS = NO;
				CLANG_ANALYZER_NONNULL = YES;
				CLANG_CXX_LANGUAGE_STANDARD = "gnu++0x";
				CLANG_CXX_LIBRARY = "libc++";
				CLANG_ENABLE_MODULES = YES;
				CLANG_ENABLE_OBJC_ARC = YES;
				CLANG_WARN_BOOL_CONVERSION = YES;
				CLANG_WARN_CONSTANT_CONVERSION = YES;
				CLANG_WARN_DIRECT_OBJC_ISA_USAGE = YES_ERROR;
				CLANG_WARN_DOCUMENTATION_COMMENTS = YES;
				CLANG_WARN_EMPTY_BODY = YES;
				CLANG_WARN_ENUM_CONVERSION = YES;
				CLANG_WARN_INFINITE_RECURSION = YES;
				CLANG_WARN_INT_CONVERSION = YES;
				CLANG_WARN_OBJC_ROOT_CLASS = YES_ERROR;
				CLANG_WARN_SUSPICIOUS_MOVES = YES;
				CLANG_WARN_UNREACHABLE_CODE = YES;
				CLANG_WARN__DUPLICATE_METHOD_MATCH = YES;
				"CODE_SIGN_IDENTITY[sdk=iphoneos*]" = "iPhone Developer";
				COPY_PHASE_STRIP = NO;
				DEBUG_INFORMATION_FORMAT = dwarf;
				ENABLE_STRICT_OBJC_MSGSEND = YES;
				ENABLE_TESTABILITY = YES;
				GCC_C_LANGUAGE_STANDARD = gnu99;
				GCC_DYNAMIC_NO_PIC = NO;
				GCC_NO_COMMON_BLOCKS = YES;
				GCC_OPTIMIZATION_LEVEL = 0;
				GCC_PREPROCESSOR_DEFINITIONS = (
					"DEBUG=1",
					"$(inherited)",
				);
				GCC_WARN_64_TO_32_BIT_CONVERSION = YES;
				GCC_WARN_ABOUT_RETURN_TYPE = YES_ERROR;
				GCC_WARN_UNDECLARED_SELECTOR = YES;
				GCC_WARN_UNINITIALIZED_AUTOS = YES_AGGRESSIVE;
				GCC_WARN_UNUSED_FUNCTION = YES;
				GCC_WARN_UNUSED_VARIABLE = YES;
				IPHONEOS_DEPLOYMENT_TARGET = 10.0;
				MTL_ENABLE_DEBUG_INFO = YES;
				ONLY_ACTIVE_ARCH = YES;
				SDKROOT = iphoneos;
				SWIFT_ACTIVE_COMPILATION_CONDITIONS = DEBUG;
				SWIFT_OPTIMIZATION_LEVEL = "-Onone";
				TARGETED_DEVICE_FAMILY = "1,2";
			};
			name = Debug;
		};
		88081E301DAE71D800EEB6E2 /* Release */ = {
			isa = XCBuildConfiguration;
			buildSettings = {
				ALWAYS_SEARCH_USER_PATHS = NO;
				CLANG_ANALYZER_NONNULL = YES;
				CLANG_CXX_LANGUAGE_STANDARD = "gnu++0x";
				CLANG_CXX_LIBRARY = "libc++";
				CLANG_ENABLE_MODULES = YES;
				CLANG_ENABLE_OBJC_ARC = YES;
				CLANG_WARN_BOOL_CONVERSION = YES;
				CLANG_WARN_CONSTANT_CONVERSION = YES;
				CLANG_WARN_DIRECT_OBJC_ISA_USAGE = YES_ERROR;
				CLANG_WARN_DOCUMENTATION_COMMENTS = YES;
				CLANG_WARN_EMPTY_BODY = YES;
				CLANG_WARN_ENUM_CONVERSION = YES;
				CLANG_WARN_INFINITE_RECURSION = YES;
				CLANG_WARN_INT_CONVERSION = YES;
				CLANG_WARN_OBJC_ROOT_CLASS = YES_ERROR;
				CLANG_WARN_SUSPICIOUS_MOVES = YES;
				CLANG_WARN_UNREACHABLE_CODE = YES;
				CLANG_WARN__DUPLICATE_METHOD_MATCH = YES;
				"CODE_SIGN_IDENTITY[sdk=iphoneos*]" = "iPhone Developer";
				COPY_PHASE_STRIP = NO;
				DEBUG_INFORMATION_FORMAT = "dwarf-with-dsym";
				ENABLE_NS_ASSERTIONS = NO;
				ENABLE_STRICT_OBJC_MSGSEND = YES;
				GCC_C_LANGUAGE_STANDARD = gnu99;
				GCC_NO_COMMON_BLOCKS = YES;
				GCC_WARN_64_TO_32_BIT_CONVERSION = YES;
				GCC_WARN_ABOUT_RETURN_TYPE = YES_ERROR;
				GCC_WARN_UNDECLARED_SELECTOR = YES;
				GCC_WARN_UNINITIALIZED_AUTOS = YES_AGGRESSIVE;
				GCC_WARN_UNUSED_FUNCTION = YES;
				GCC_WARN_UNUSED_VARIABLE = YES;
				IPHONEOS_DEPLOYMENT_TARGET = 10.0;
				MTL_ENABLE_DEBUG_INFO = NO;
				SDKROOT = iphoneos;
				SWIFT_OPTIMIZATION_LEVEL = "-Owholemodule";
				TARGETED_DEVICE_FAMILY = "1,2";
				VALIDATE_PRODUCT = YES;
			};
			name = Release;
		};
		88081E321DAE71D800EEB6E2 /* Debug */ = {
			isa = XCBuildConfiguration;
			buildSettings = {
				ASSETCATALOG_COMPILER_APPICON_NAME = AppIcon;
				DEVELOPMENT_TEAM = FZJ8E7HV9N;
				INFOPLIST_FILE = checkAround/Info.plist;
				LD_RUNPATH_SEARCH_PATHS = "$(inherited) @executable_path/Frameworks";
				PRODUCT_BUNDLE_IDENTIFIER = mathiasericsson.checkAround;
				PRODUCT_NAME = "$(TARGET_NAME)";
				SWIFT_VERSION = 3.0;
			};
			name = Debug;
		};
		88081E331DAE71D800EEB6E2 /* Release */ = {
			isa = XCBuildConfiguration;
			buildSettings = {
				ASSETCATALOG_COMPILER_APPICON_NAME = AppIcon;
				DEVELOPMENT_TEAM = FZJ8E7HV9N;
				INFOPLIST_FILE = checkAround/Info.plist;
				LD_RUNPATH_SEARCH_PATHS = "$(inherited) @executable_path/Frameworks";
				PRODUCT_BUNDLE_IDENTIFIER = mathiasericsson.checkAround;
				PRODUCT_NAME = "$(TARGET_NAME)";
				SWIFT_VERSION = 3.0;
			};
			name = Release;
		};
/* End XCBuildConfiguration section */

/* Begin XCConfigurationList section */
		88081E1A1DAE71D800EEB6E2 /* Build configuration list for PBXProject "checkAround" */ = {
			isa = XCConfigurationList;
			buildConfigurations = (
				88081E2F1DAE71D800EEB6E2 /* Debug */,
				88081E301DAE71D800EEB6E2 /* Release */,
			);
			defaultConfigurationIsVisible = 0;
			defaultConfigurationName = Release;
		};
		88081E311DAE71D800EEB6E2 /* Build configuration list for PBXNativeTarget "checkAround" */ = {
			isa = XCConfigurationList;
			buildConfigurations = (
				88081E321DAE71D800EEB6E2 /* Debug */,
				88081E331DAE71D800EEB6E2 /* Release */,
			);
			defaultConfigurationIsVisible = 0;
			defaultConfigurationName = Release;
		};
/* End XCConfigurationList section */
	};
	rootObject = 88081E171DAE71D800EEB6E2 /* Project object */;
}
