// !$*UTF8*$!
{
	archiveVersion = 1;
	classes = {
	};
	objectVersion = 46;
	objects = {

/* Begin PBXBuildFile section */
		2CCD604A117DD834D71A49FE /* Pods_checkAround.framework in Frameworks */ = {isa = PBXBuildFile; fileRef = 924F1DDBB52815FD24B913A9 /* Pods_checkAround.framework */; };
		880220011DBE45060019C122 /* Icon-App-20x20@1x.png in Resources */ = {isa = PBXBuildFile; fileRef = 88021FF01DBE45060019C122 /* Icon-App-20x20@1x.png */; };
		880220021DBE45060019C122 /* Icon-App-20x20@2x.png in Resources */ = {isa = PBXBuildFile; fileRef = 88021FF11DBE45060019C122 /* Icon-App-20x20@2x.png */; };
		880220031DBE45060019C122 /* Icon-App-20x20@3x.png in Resources */ = {isa = PBXBuildFile; fileRef = 88021FF21DBE45060019C122 /* Icon-App-20x20@3x.png */; };
		880220041DBE45060019C122 /* Icon-App-29x29@1x.png in Resources */ = {isa = PBXBuildFile; fileRef = 88021FF31DBE45060019C122 /* Icon-App-29x29@1x.png */; };
		880220051DBE45060019C122 /* Icon-App-29x29@2x.png in Resources */ = {isa = PBXBuildFile; fileRef = 88021FF41DBE45060019C122 /* Icon-App-29x29@2x.png */; };
		880220061DBE45060019C122 /* Icon-App-29x29@3x.png in Resources */ = {isa = PBXBuildFile; fileRef = 88021FF51DBE45060019C122 /* Icon-App-29x29@3x.png */; };
		880220071DBE45060019C122 /* Icon-App-40x40@1x.png in Resources */ = {isa = PBXBuildFile; fileRef = 88021FF61DBE45060019C122 /* Icon-App-40x40@1x.png */; };
		880220081DBE45060019C122 /* Icon-App-40x40@2x.png in Resources */ = {isa = PBXBuildFile; fileRef = 88021FF71DBE45060019C122 /* Icon-App-40x40@2x.png */; };
		880220091DBE45060019C122 /* Icon-App-40x40@3x.png in Resources */ = {isa = PBXBuildFile; fileRef = 88021FF81DBE45060019C122 /* Icon-App-40x40@3x.png */; };
		8802200A1DBE45060019C122 /* Icon-App-57x57@1x.png in Resources */ = {isa = PBXBuildFile; fileRef = 88021FF91DBE45060019C122 /* Icon-App-57x57@1x.png */; };
		8802200B1DBE45060019C122 /* Icon-App-60x60@1x.png in Resources */ = {isa = PBXBuildFile; fileRef = 88021FFA1DBE45060019C122 /* Icon-App-60x60@1x.png */; };
		8802200C1DBE45060019C122 /* Icon-App-60x60@2x.png in Resources */ = {isa = PBXBuildFile; fileRef = 88021FFB1DBE45060019C122 /* Icon-App-60x60@2x.png */; };
		8802200D1DBE45060019C122 /* Icon-App-60x60@3x.png in Resources */ = {isa = PBXBuildFile; fileRef = 88021FFC1DBE45060019C122 /* Icon-App-60x60@3x.png */; };
		8802200E1DBE45060019C122 /* Icon-App-76x76@1x.png in Resources */ = {isa = PBXBuildFile; fileRef = 88021FFD1DBE45060019C122 /* Icon-App-76x76@1x.png */; };
		8802200F1DBE45060019C122 /* Icon-App-76x76@2x.png in Resources */ = {isa = PBXBuildFile; fileRef = 88021FFE1DBE45060019C122 /* Icon-App-76x76@2x.png */; };
		880220101DBE45060019C122 /* Icon-App-76x76@3x.png in Resources */ = {isa = PBXBuildFile; fileRef = 88021FFF1DBE45060019C122 /* Icon-App-76x76@3x.png */; };
		880220111DBE45060019C122 /* Icon-App-83.5x83.5@2x.png in Resources */ = {isa = PBXBuildFile; fileRef = 880220001DBE45060019C122 /* Icon-App-83.5x83.5@2x.png */; };
		880220641DBF32E20019C122 /* GeoFire.h in Sources */ = {isa = PBXBuildFile; fileRef = 8802204D1DBF2FBB0019C122 /* GeoFire.h */; };
		88081E231DAE71D800EEB6E2 /* AppDelegate.swift in Sources */ = {isa = PBXBuildFile; fileRef = 88081E221DAE71D800EEB6E2 /* AppDelegate.swift */; };
		88081E281DAE71D800EEB6E2 /* Main.storyboard in Resources */ = {isa = PBXBuildFile; fileRef = 88081E261DAE71D800EEB6E2 /* Main.storyboard */; };
		88081E2A1DAE71D800EEB6E2 /* Assets.xcassets in Resources */ = {isa = PBXBuildFile; fileRef = 88081E291DAE71D800EEB6E2 /* Assets.xcassets */; };
		88081E2D1DAE71D800EEB6E2 /* LaunchScreen.storyboard in Resources */ = {isa = PBXBuildFile; fileRef = 88081E2B1DAE71D800EEB6E2 /* LaunchScreen.storyboard */; };
		883748F21DB7821900FB47C6 /* GoogleService-Info.plist in Resources */ = {isa = PBXBuildFile; fileRef = 883748F11DB7821900FB47C6 /* GoogleService-Info.plist */; };
		88C935B91DB79A170076AD22 /* CheckAroundTableVewControllerTableViewController.swift in Sources */ = {isa = PBXBuildFile; fileRef = 88C935B81DB79A170076AD22 /* CheckAroundTableVewControllerTableViewController.swift */; };
		88C935BB1DB79AED0076AD22 /* User.swift in Sources */ = {isa = PBXBuildFile; fileRef = 88C935BA1DB79AED0076AD22 /* User.swift */; };
		88C935BD1DB79DE80076AD22 /* Sweet.swift in Sources */ = {isa = PBXBuildFile; fileRef = 88C935BC1DB79DE80076AD22 /* Sweet.swift */; };
/* End PBXBuildFile section */

/* Begin PBXFileReference section */
		3C8BEE0FCE7291D1824A8DCE /* Pods-checkAround.release.xcconfig */ = {isa = PBXFileReference; includeInIndex = 1; lastKnownFileType = text.xcconfig; name = "Pods-checkAround.release.xcconfig"; path = "Pods/Target Support Files/Pods-checkAround/Pods-checkAround.release.xcconfig"; sourceTree = "<group>"; };
		88021FF01DBE45060019C122 /* Icon-App-20x20@1x.png */ = {isa = PBXFileReference; lastKnownFileType = image.png; path = "Icon-App-20x20@1x.png"; sourceTree = "<group>"; };
		88021FF11DBE45060019C122 /* Icon-App-20x20@2x.png */ = {isa = PBXFileReference; lastKnownFileType = image.png; path = "Icon-App-20x20@2x.png"; sourceTree = "<group>"; };
		88021FF21DBE45060019C122 /* Icon-App-20x20@3x.png */ = {isa = PBXFileReference; lastKnownFileType = image.png; path = "Icon-App-20x20@3x.png"; sourceTree = "<group>"; };
		88021FF31DBE45060019C122 /* Icon-App-29x29@1x.png */ = {isa = PBXFileReference; lastKnownFileType = image.png; path = "Icon-App-29x29@1x.png"; sourceTree = "<group>"; };
		88021FF41DBE45060019C122 /* Icon-App-29x29@2x.png */ = {isa = PBXFileReference; lastKnownFileType = image.png; path = "Icon-App-29x29@2x.png"; sourceTree = "<group>"; };
		88021FF51DBE45060019C122 /* Icon-App-29x29@3x.png */ = {isa = PBXFileReference; lastKnownFileType = image.png; path = "Icon-App-29x29@3x.png"; sourceTree = "<group>"; };
		88021FF61DBE45060019C122 /* Icon-App-40x40@1x.png */ = {isa = PBXFileReference; lastKnownFileType = image.png; path = "Icon-App-40x40@1x.png"; sourceTree = "<group>"; };
		88021FF71DBE45060019C122 /* Icon-App-40x40@2x.png */ = {isa = PBXFileReference; lastKnownFileType = image.png; path = "Icon-App-40x40@2x.png"; sourceTree = "<group>"; };
		88021FF81DBE45060019C122 /* Icon-App-40x40@3x.png */ = {isa = PBXFileReference; lastKnownFileType = image.png; path = "Icon-App-40x40@3x.png"; sourceTree = "<group>"; };
		88021FF91DBE45060019C122 /* Icon-App-57x57@1x.png */ = {isa = PBXFileReference; lastKnownFileType = image.png; path = "Icon-App-57x57@1x.png"; sourceTree = "<group>"; };
		88021FFA1DBE45060019C122 /* Icon-App-60x60@1x.png */ = {isa = PBXFileReference; lastKnownFileType = image.png; path = "Icon-App-60x60@1x.png"; sourceTree = "<group>"; };
		88021FFB1DBE45060019C122 /* Icon-App-60x60@2x.png */ = {isa = PBXFileReference; lastKnownFileType = image.png; path = "Icon-App-60x60@2x.png"; sourceTree = "<group>"; };
		88021FFC1DBE45060019C122 /* Icon-App-60x60@3x.png */ = {isa = PBXFileReference; lastKnownFileType = image.png; path = "Icon-App-60x60@3x.png"; sourceTree = "<group>"; };
		88021FFD1DBE45060019C122 /* Icon-App-76x76@1x.png */ = {isa = PBXFileReference; lastKnownFileType = image.png; path = "Icon-App-76x76@1x.png"; sourceTree = "<group>"; };
		88021FFE1DBE45060019C122 /* Icon-App-76x76@2x.png */ = {isa = PBXFileReference; lastKnownFileType = image.png; path = "Icon-App-76x76@2x.png"; sourceTree = "<group>"; };
		88021FFF1DBE45060019C122 /* Icon-App-76x76@3x.png */ = {isa = PBXFileReference; lastKnownFileType = image.png; path = "Icon-App-76x76@3x.png"; sourceTree = "<group>"; };
		880220001DBE45060019C122 /* Icon-App-83.5x83.5@2x.png */ = {isa = PBXFileReference; lastKnownFileType = image.png; path = "Icon-App-83.5x83.5@2x.png"; sourceTree = "<group>"; };
		880220351DBE90810019C122 /* checkAround-Bridging-Header.h */ = {isa = PBXFileReference; lastKnownFileType = sourcecode.c.h; path = "checkAround-Bridging-Header.h"; sourceTree = "<group>"; };
		880220361DBF2F4B0019C122 /* GeoFire.h */ = {isa = PBXFileReference; fileEncoding = 4; lastKnownFileType = sourcecode.c.h; path = GeoFire.h; sourceTree = "<group>"; };
		880220371DBF2F4B0019C122 /* GFCircleQuery.h */ = {isa = PBXFileReference; fileEncoding = 4; lastKnownFileType = sourcecode.c.h; path = GFCircleQuery.h; sourceTree = "<group>"; };
		880220381DBF2F4B0019C122 /* GFQuery.h */ = {isa = PBXFileReference; fileEncoding = 4; lastKnownFileType = sourcecode.c.h; path = GFQuery.h; sourceTree = "<group>"; };
		880220391DBF2F4B0019C122 /* GFRegionQuery.h */ = {isa = PBXFileReference; fileEncoding = 4; lastKnownFileType = sourcecode.c.h; path = GFRegionQuery.h; sourceTree = "<group>"; };
		8802203B1DBF2F4B0019C122 /* GeoFire-Prefix.pch */ = {isa = PBXFileReference; fileEncoding = 4; lastKnownFileType = sourcecode.c.h; path = "GeoFire-Prefix.pch"; sourceTree = "<group>"; };
		8802203C1DBF2F4B0019C122 /* GeoFire+Private.h */ = {isa = PBXFileReference; fileEncoding = 4; lastKnownFileType = sourcecode.c.h; path = "GeoFire+Private.h"; sourceTree = "<group>"; };
		8802203D1DBF2F4B0019C122 /* GeoFire.m */ = {isa = PBXFileReference; fileEncoding = 4; lastKnownFileType = sourcecode.c.objc; path = GeoFire.m; sourceTree = "<group>"; };
		8802203E1DBF2F4B0019C122 /* GFBase32Utils.h */ = {isa = PBXFileReference; fileEncoding = 4; lastKnownFileType = sourcecode.c.h; path = GFBase32Utils.h; sourceTree = "<group>"; };
		8802203F1DBF2F4B0019C122 /* GFBase32Utils.m */ = {isa = PBXFileReference; fileEncoding = 4; lastKnownFileType = sourcecode.c.objc; path = GFBase32Utils.m; sourceTree = "<group>"; };
		880220401DBF2F4B0019C122 /* GFGeoHash.h */ = {isa = PBXFileReference; fileEncoding = 4; lastKnownFileType = sourcecode.c.h; path = GFGeoHash.h; sourceTree = "<group>"; };
		880220411DBF2F4B0019C122 /* GFGeoHash.m */ = {isa = PBXFileReference; fileEncoding = 4; lastKnownFileType = sourcecode.c.objc; path = GFGeoHash.m; sourceTree = "<group>"; };
		880220421DBF2F4B0019C122 /* GFGeoHashQuery.h */ = {isa = PBXFileReference; fileEncoding = 4; lastKnownFileType = sourcecode.c.h; path = GFGeoHashQuery.h; sourceTree = "<group>"; };
		880220431DBF2F4B0019C122 /* GFGeoHashQuery.m */ = {isa = PBXFileReference; fileEncoding = 4; lastKnownFileType = sourcecode.c.objc; path = GFGeoHashQuery.m; sourceTree = "<group>"; };
		880220441DBF2F4B0019C122 /* GFQuery+Private.h */ = {isa = PBXFileReference; fileEncoding = 4; lastKnownFileType = sourcecode.c.h; path = "GFQuery+Private.h"; sourceTree = "<group>"; };
		880220451DBF2F4B0019C122 /* GFQuery.m */ = {isa = PBXFileReference; fileEncoding = 4; lastKnownFileType = sourcecode.c.objc; path = GFQuery.m; sourceTree = "<group>"; };
		8802204D1DBF2FBB0019C122 /* GeoFire.h */ = {isa = PBXFileReference; fileEncoding = 4; lastKnownFileType = sourcecode.c.h; path = GeoFire.h; sourceTree = "<group>"; };
		8802204E1DBF2FBB0019C122 /* GFCircleQuery.h */ = {isa = PBXFileReference; fileEncoding = 4; lastKnownFileType = sourcecode.c.h; path = GFCircleQuery.h; sourceTree = "<group>"; };
		8802204F1DBF2FBB0019C122 /* GFQuery.h */ = {isa = PBXFileReference; fileEncoding = 4; lastKnownFileType = sourcecode.c.h; path = GFQuery.h; sourceTree = "<group>"; };
		880220501DBF2FBB0019C122 /* GFRegionQuery.h */ = {isa = PBXFileReference; fileEncoding = 4; lastKnownFileType = sourcecode.c.h; path = GFRegionQuery.h; sourceTree = "<group>"; };
		880220521DBF2FBB0019C122 /* GeoFire-Prefix.pch */ = {isa = PBXFileReference; fileEncoding = 4; lastKnownFileType = sourcecode.c.h; path = "GeoFire-Prefix.pch"; sourceTree = "<group>"; };
		880220531DBF2FBB0019C122 /* GeoFire+Private.h */ = {isa = PBXFileReference; fileEncoding = 4; lastKnownFileType = sourcecode.c.h; path = "GeoFire+Private.h"; sourceTree = "<group>"; };
		880220541DBF2FBB0019C122 /* GeoFire.m */ = {isa = PBXFileReference; fileEncoding = 4; lastKnownFileType = sourcecode.c.objc; path = GeoFire.m; sourceTree = "<group>"; };
		880220551DBF2FBB0019C122 /* GFBase32Utils.h */ = {isa = PBXFileReference; fileEncoding = 4; lastKnownFileType = sourcecode.c.h; path = GFBase32Utils.h; sourceTree = "<group>"; };
		880220561DBF2FBB0019C122 /* GFBase32Utils.m */ = {isa = PBXFileReference; fileEncoding = 4; lastKnownFileType = sourcecode.c.objc; path = GFBase32Utils.m; sourceTree = "<group>"; };
		880220571DBF2FBB0019C122 /* GFGeoHash.h */ = {isa = PBXFileReference; fileEncoding = 4; lastKnownFileType = sourcecode.c.h; path = GFGeoHash.h; sourceTree = "<group>"; };
		880220581DBF2FBB0019C122 /* GFGeoHash.m */ = {isa = PBXFileReference; fileEncoding = 4; lastKnownFileType = sourcecode.c.objc; path = GFGeoHash.m; sourceTree = "<group>"; };
		880220591DBF2FBB0019C122 /* GFGeoHashQuery.h */ = {isa = PBXFileReference; fileEncoding = 4; lastKnownFileType = sourcecode.c.h; path = GFGeoHashQuery.h; sourceTree = "<group>"; };
		8802205A1DBF2FBB0019C122 /* GFGeoHashQuery.m */ = {isa = PBXFileReference; fileEncoding = 4; lastKnownFileType = sourcecode.c.objc; path = GFGeoHashQuery.m; sourceTree = "<group>"; };
		8802205B1DBF2FBB0019C122 /* GFQuery+Private.h */ = {isa = PBXFileReference; fileEncoding = 4; lastKnownFileType = sourcecode.c.h; path = "GFQuery+Private.h"; sourceTree = "<group>"; };
		8802205C1DBF2FBB0019C122 /* GFQuery.m */ = {isa = PBXFileReference; fileEncoding = 4; lastKnownFileType = sourcecode.c.objc; path = GFQuery.m; sourceTree = "<group>"; };
		88081E1F1DAE71D800EEB6E2 /* checkAround.app */ = {isa = PBXFileReference; explicitFileType = wrapper.application; includeInIndex = 0; path = checkAround.app; sourceTree = BUILT_PRODUCTS_DIR; };
		88081E221DAE71D800EEB6E2 /* AppDelegate.swift */ = {isa = PBXFileReference; lastKnownFileType = sourcecode.swift; path = AppDelegate.swift; sourceTree = "<group>"; };
		88081E271DAE71D800EEB6E2 /* Base */ = {isa = PBXFileReference; lastKnownFileType = file.storyboard; name = Base; path = Base.lproj/Main.storyboard; sourceTree = "<group>"; };
		88081E291DAE71D800EEB6E2 /* Assets.xcassets */ = {isa = PBXFileReference; lastKnownFileType = folder.assetcatalog; path = Assets.xcassets; sourceTree = "<group>"; };
		88081E2C1DAE71D800EEB6E2 /* Base */ = {isa = PBXFileReference; lastKnownFileType = file.storyboard; name = Base; path = Base.lproj/LaunchScreen.storyboard; sourceTree = "<group>"; };
		88081E2E1DAE71D800EEB6E2 /* Info.plist */ = {isa = PBXFileReference; lastKnownFileType = text.plist.xml; path = Info.plist; sourceTree = "<group>"; };
		883748F11DB7821900FB47C6 /* GoogleService-Info.plist */ = {isa = PBXFileReference; fileEncoding = 4; lastKnownFileType = text.plist.xml; path = "GoogleService-Info.plist"; sourceTree = "<group>"; };
		88C1ABB91DC0F8B200E4D178 /* checkAround.entitlements */ = {isa = PBXFileReference; fileEncoding = 4; lastKnownFileType = text.plist.entitlements; path = checkAround.entitlements; sourceTree = "<group>"; };
		88C935B81DB79A170076AD22 /* CheckAroundTableVewControllerTableViewController.swift */ = {isa = PBXFileReference; fileEncoding = 4; lastKnownFileType = sourcecode.swift; path = CheckAroundTableVewControllerTableViewController.swift; sourceTree = "<group>"; };
		88C935BA1DB79AED0076AD22 /* User.swift */ = {isa = PBXFileReference; fileEncoding = 4; lastKnownFileType = sourcecode.swift; path = User.swift; sourceTree = "<group>"; };
		88C935BC1DB79DE80076AD22 /* Sweet.swift */ = {isa = PBXFileReference; fileEncoding = 4; lastKnownFileType = sourcecode.swift; path = Sweet.swift; sourceTree = "<group>"; };
		924F1DDBB52815FD24B913A9 /* Pods_checkAround.framework */ = {isa = PBXFileReference; explicitFileType = wrapper.framework; includeInIndex = 0; path = Pods_checkAround.framework; sourceTree = BUILT_PRODUCTS_DIR; };
		A93C6BE2487265F8BCF696EB /* Pods-checkAround.debug.xcconfig */ = {isa = PBXFileReference; includeInIndex = 1; lastKnownFileType = text.xcconfig; name = "Pods-checkAround.debug.xcconfig"; path = "Pods/Target Support Files/Pods-checkAround/Pods-checkAround.debug.xcconfig"; sourceTree = "<group>"; };
/* End PBXFileReference section */

/* Begin PBXFrameworksBuildPhase section */
		88081E1C1DAE71D800EEB6E2 /* Frameworks */ = {
			isa = PBXFrameworksBuildPhase;
			buildActionMask = 2147483647;
			files = (
				2CCD604A117DD834D71A49FE /* Pods_checkAround.framework in Frameworks */,
			);
			runOnlyForDeploymentPostprocessing = 0;
		};
/* End PBXFrameworksBuildPhase section */

/* Begin PBXGroup section */
		5790AB2ECE0270E1B2FE5232 /* Pods */ = {
			isa = PBXGroup;
			children = (
				A93C6BE2487265F8BCF696EB /* Pods-checkAround.debug.xcconfig */,
				3C8BEE0FCE7291D1824A8DCE /* Pods-checkAround.release.xcconfig */,
			);
			name = Pods;
			sourceTree = "<group>";
		};
		880220121DBE450E0019C122 /* Icons */ = {
			isa = PBXGroup;
			children = (
				88021FF01DBE45060019C122 /* Icon-App-20x20@1x.png */,
				88021FF11DBE45060019C122 /* Icon-App-20x20@2x.png */,
				88021FF21DBE45060019C122 /* Icon-App-20x20@3x.png */,
				88021FF31DBE45060019C122 /* Icon-App-29x29@1x.png */,
				88021FF41DBE45060019C122 /* Icon-App-29x29@2x.png */,
				88021FF51DBE45060019C122 /* Icon-App-29x29@3x.png */,
				88021FF61DBE45060019C122 /* Icon-App-40x40@1x.png */,
				88021FF71DBE45060019C122 /* Icon-App-40x40@2x.png */,
				88021FF81DBE45060019C122 /* Icon-App-40x40@3x.png */,
				88021FF91DBE45060019C122 /* Icon-App-57x57@1x.png */,
				88021FFA1DBE45060019C122 /* Icon-App-60x60@1x.png */,
				88021FFB1DBE45060019C122 /* Icon-App-60x60@2x.png */,
				88021FFC1DBE45060019C122 /* Icon-App-60x60@3x.png */,
				88021FFD1DBE45060019C122 /* Icon-App-76x76@1x.png */,
				88021FFE1DBE45060019C122 /* Icon-App-76x76@2x.png */,
				88021FFF1DBE45060019C122 /* Icon-App-76x76@3x.png */,
				880220001DBE45060019C122 /* Icon-App-83.5x83.5@2x.png */,
			);
			name = Icons;
			sourceTree = "<group>";
		};
		8802203A1DBF2F4B0019C122 /* API */ = {
			isa = PBXGroup;
			children = (
				880220361DBF2F4B0019C122 /* GeoFire.h */,
				880220371DBF2F4B0019C122 /* GFCircleQuery.h */,
				880220381DBF2F4B0019C122 /* GFQuery.h */,
				880220391DBF2F4B0019C122 /* GFRegionQuery.h */,
			);
			path = API;
			sourceTree = "<group>";
		};
		880220461DBF2F4B0019C122 /* Implementation */ = {
			isa = PBXGroup;
			children = (
				8802203C1DBF2F4B0019C122 /* GeoFire+Private.h */,
				8802203D1DBF2F4B0019C122 /* GeoFire.m */,
				8802203E1DBF2F4B0019C122 /* GFBase32Utils.h */,
				8802203F1DBF2F4B0019C122 /* GFBase32Utils.m */,
				880220401DBF2F4B0019C122 /* GFGeoHash.h */,
				880220411DBF2F4B0019C122 /* GFGeoHash.m */,
				880220421DBF2F4B0019C122 /* GFGeoHashQuery.h */,
				880220431DBF2F4B0019C122 /* GFGeoHashQuery.m */,
				880220441DBF2F4B0019C122 /* GFQuery+Private.h */,
				880220451DBF2F4B0019C122 /* GFQuery.m */,
			);
			path = Implementation;
			sourceTree = "<group>";
		};
		880220471DBF2F4B0019C122 /* GeoFire */ = {
			isa = PBXGroup;
			children = (
				8802203A1DBF2F4B0019C122 /* API */,
				8802203B1DBF2F4B0019C122 /* GeoFire-Prefix.pch */,
				880220461DBF2F4B0019C122 /* Implementation */,
			);
			name = GeoFire;
			path = Pods/GeoFire;
			sourceTree = "<group>";
		};
		880220511DBF2FBB0019C122 /* API */ = {
			isa = PBXGroup;
			children = (
				8802204D1DBF2FBB0019C122 /* GeoFire.h */,
				8802204E1DBF2FBB0019C122 /* GFCircleQuery.h */,
				8802204F1DBF2FBB0019C122 /* GFQuery.h */,
				880220501DBF2FBB0019C122 /* GFRegionQuery.h */,
			);
			path = API;
			sourceTree = "<group>";
		};
		8802205D1DBF2FBB0019C122 /* Implementation */ = {
			isa = PBXGroup;
			children = (
				880220531DBF2FBB0019C122 /* GeoFire+Private.h */,
				880220541DBF2FBB0019C122 /* GeoFire.m */,
				880220551DBF2FBB0019C122 /* GFBase32Utils.h */,
				880220561DBF2FBB0019C122 /* GFBase32Utils.m */,
				880220571DBF2FBB0019C122 /* GFGeoHash.h */,
				880220581DBF2FBB0019C122 /* GFGeoHash.m */,
				880220591DBF2FBB0019C122 /* GFGeoHashQuery.h */,
				8802205A1DBF2FBB0019C122 /* GFGeoHashQuery.m */,
				8802205B1DBF2FBB0019C122 /* GFQuery+Private.h */,
				8802205C1DBF2FBB0019C122 /* GFQuery.m */,
			);
			path = Implementation;
			sourceTree = "<group>";
		};
		8802205E1DBF2FBB0019C122 /* GeoFire */ = {
			isa = PBXGroup;
			children = (
				880220511DBF2FBB0019C122 /* API */,
				880220521DBF2FBB0019C122 /* GeoFire-Prefix.pch */,
				8802205D1DBF2FBB0019C122 /* Implementation */,
			);
			name = GeoFire;
			path = Pods/GeoFire;
			sourceTree = "<group>";
		};
		88081E161DAE71D800EEB6E2 = {
			isa = PBXGroup;
			children = (
				880220351DBE90810019C122 /* checkAround-Bridging-Header.h */,
				88081E211DAE71D800EEB6E2 /* checkAround */,
				88081E201DAE71D800EEB6E2 /* Products */,
				5790AB2ECE0270E1B2FE5232 /* Pods */,
				CB564ADCB7B2E0E7DC9B4EDD /* Frameworks */,
			);
			sourceTree = "<group>";
		};
		88081E201DAE71D800EEB6E2 /* Products */ = {
			isa = PBXGroup;
			children = (
				88081E1F1DAE71D800EEB6E2 /* checkAround.app */,
			);
			name = Products;
			sourceTree = "<group>";
		};
		88081E211DAE71D800EEB6E2 /* checkAround */ = {
			isa = PBXGroup;
			children = (
				88C1ABB91DC0F8B200E4D178 /* checkAround.entitlements */,
				88081E221DAE71D800EEB6E2 /* AppDelegate.swift */,
				88C935B81DB79A170076AD22 /* CheckAroundTableVewControllerTableViewController.swift */,
				88C935BE1DB7A3300076AD22 /* Model */,
				88081E261DAE71D800EEB6E2 /* Main.storyboard */,
				88081E291DAE71D800EEB6E2 /* Assets.xcassets */,
				880220121DBE450E0019C122 /* Icons */,
				88081E2B1DAE71D800EEB6E2 /* LaunchScreen.storyboard */,
				88081E2E1DAE71D800EEB6E2 /* Info.plist */,
				883748F11DB7821900FB47C6 /* GoogleService-Info.plist */,
			);
			path = checkAround;
			sourceTree = "<group>";
		};
		88C935BE1DB7A3300076AD22 /* Model */ = {
			isa = PBXGroup;
			children = (
				88C935BC1DB79DE80076AD22 /* Sweet.swift */,
				88C935BA1DB79AED0076AD22 /* User.swift */,
			);
			name = Model;
			sourceTree = "<group>";
		};
		CB564ADCB7B2E0E7DC9B4EDD /* Frameworks */ = {
			isa = PBXGroup;
			children = (
				8802205E1DBF2FBB0019C122 /* GeoFire */,
				880220471DBF2F4B0019C122 /* GeoFire */,
				924F1DDBB52815FD24B913A9 /* Pods_checkAround.framework */,
			);
			name = Frameworks;
			sourceTree = "<group>";
		};
/* End PBXGroup section */

/* Begin PBXNativeTarget section */
		88081E1E1DAE71D800EEB6E2 /* checkAround */ = {
			isa = PBXNativeTarget;
			buildConfigurationList = 88081E311DAE71D800EEB6E2 /* Build configuration list for PBXNativeTarget "checkAround" */;
			buildPhases = (
				211F99852DBD6A84F47F86ED /* [CP] Check Pods Manifest.lock */,
				88081E1B1DAE71D800EEB6E2 /* Sources */,
				88081E1C1DAE71D800EEB6E2 /* Frameworks */,
				88081E1D1DAE71D800EEB6E2 /* Resources */,
				85978568784E187673F09AA5 /* [CP] Embed Pods Frameworks */,
				869DC01935B7E8D8907E0D84 /* [CP] Copy Pods Resources */,
			);
			buildRules = (
			);
			dependencies = (
			);
			name = checkAround;
			productName = checkAround;
			productReference = 88081E1F1DAE71D800EEB6E2 /* checkAround.app */;
			productType = "com.apple.product-type.application";
		};
/* End PBXNativeTarget section */

/* Begin PBXProject section */
		88081E171DAE71D800EEB6E2 /* Project object */ = {
			isa = PBXProject;
			attributes = {
				LastSwiftUpdateCheck = 0800;
				LastUpgradeCheck = 0800;
				ORGANIZATIONNAME = "Mathias Ericsson";
				TargetAttributes = {
					88081E1E1DAE71D800EEB6E2 = {
						CreatedOnToolsVersion = 8.0;
						DevelopmentTeam = FZJ8E7HV9N;
						ProvisioningStyle = Automatic;
						SystemCapabilities = {
							com.apple.Keychain = {
								enabled = 1;
							};
						};
					};
				};
			};
			buildConfigurationList = 88081E1A1DAE71D800EEB6E2 /* Build configuration list for PBXProject "checkAround" */;
			compatibilityVersion = "Xcode 3.2";
			developmentRegion = English;
			hasScannedForEncodings = 0;
			knownRegions = (
				en,
				Base,
			);
			mainGroup = 88081E161DAE71D800EEB6E2;
			productRefGroup = 88081E201DAE71D800EEB6E2 /* Products */;
			projectDirPath = "";
			projectRoot = "";
			targets = (
				88081E1E1DAE71D800EEB6E2 /* checkAround */,
			);
		};
/* End PBXProject section */

/* Begin PBXResourcesBuildPhase section */
		88081E1D1DAE71D800EEB6E2 /* Resources */ = {
			isa = PBXResourcesBuildPhase;
			buildActionMask = 2147483647;
			files = (
				880220051DBE45060019C122 /* Icon-App-29x29@2x.png in Resources */,
				88081E2D1DAE71D800EEB6E2 /* LaunchScreen.storyboard in Resources */,
				8802200A1DBE45060019C122 /* Icon-App-57x57@1x.png in Resources */,
				880220021DBE45060019C122 /* Icon-App-20x20@2x.png in Resources */,
				8802200C1DBE45060019C122 /* Icon-App-60x60@2x.png in Resources */,
				880220061DBE45060019C122 /* Icon-App-29x29@3x.png in Resources */,
				880220031DBE45060019C122 /* Icon-App-20x20@3x.png in Resources */,
				883748F21DB7821900FB47C6 /* GoogleService-Info.plist in Resources */,
				8802200D1DBE45060019C122 /* Icon-App-60x60@3x.png in Resources */,
				880220111DBE45060019C122 /* Icon-App-83.5x83.5@2x.png in Resources */,
				88081E2A1DAE71D800EEB6E2 /* Assets.xcassets in Resources */,
				880220101DBE45060019C122 /* Icon-App-76x76@3x.png in Resources */,
				8802200B1DBE45060019C122 /* Icon-App-60x60@1x.png in Resources */,
				8802200F1DBE45060019C122 /* Icon-App-76x76@2x.png in Resources */,
				8802200E1DBE45060019C122 /* Icon-App-76x76@1x.png in Resources */,
				88081E281DAE71D800EEB6E2 /* Main.storyboard in Resources */,
				880220071DBE45060019C122 /* Icon-App-40x40@1x.png in Resources */,
				880220011DBE45060019C122 /* Icon-App-20x20@1x.png in Resources */,
				880220091DBE45060019C122 /* Icon-App-40x40@3x.png in Resources */,
				880220081DBE45060019C122 /* Icon-App-40x40@2x.png in Resources */,
				880220041DBE45060019C122 /* Icon-App-29x29@1x.png in Resources */,
			);
			runOnlyForDeploymentPostprocessing = 0;
		};
/* End PBXResourcesBuildPhase section */

/* Begin PBXShellScriptBuildPhase section */
		211F99852DBD6A84F47F86ED /* [CP] Check Pods Manifest.lock */ = {
			isa = PBXShellScriptBuildPhase;
			buildActionMask = 2147483647;
			files = (
			);
			inputPaths = (
			);
			name = "[CP] Check Pods Manifest.lock";
			outputPaths = (
			);
			runOnlyForDeploymentPostprocessing = 0;
			shellPath = /bin/sh;
			shellScript = "diff \"${PODS_ROOT}/../Podfile.lock\" \"${PODS_ROOT}/Manifest.lock\" > /dev/null\nif [ $? != 0 ] ; then\n    # print error to STDERR\n    echo \"error: The sandbox is not in sync with the Podfile.lock. Run 'pod install' or update your CocoaPods installation.\" >&2\n    exit 1\nfi\n";
			showEnvVarsInLog = 0;
		};
		85978568784E187673F09AA5 /* [CP] Embed Pods Frameworks */ = {
			isa = PBXShellScriptBuildPhase;
			buildActionMask = 2147483647;
			files = (
			);
			inputPaths = (
			);
			name = "[CP] Embed Pods Frameworks";
			outputPaths = (
			);
			runOnlyForDeploymentPostprocessing = 0;
			shellPath = /bin/sh;
			shellScript = "\"${SRCROOT}/Pods/Target Support Files/Pods-checkAround/Pods-checkAround-frameworks.sh\"\n";
			showEnvVarsInLog = 0;
		};
		869DC01935B7E8D8907E0D84 /* [CP] Copy Pods Resources */ = {
			isa = PBXShellScriptBuildPhase;
			buildActionMask = 2147483647;
			files = (
			);
			inputPaths = (
			);
			name = "[CP] Copy Pods Resources";
			outputPaths = (
			);
			runOnlyForDeploymentPostprocessing = 0;
			shellPath = /bin/sh;
			shellScript = "\"${SRCROOT}/Pods/Target Support Files/Pods-checkAround/Pods-checkAround-resources.sh\"\n";
			showEnvVarsInLog = 0;
		};
/* End PBXShellScriptBuildPhase section */

/* Begin PBXSourcesBuildPhase section */
		88081E1B1DAE71D800EEB6E2 /* Sources */ = {
			isa = PBXSourcesBuildPhase;
			buildActionMask = 2147483647;
			files = (
				880220641DBF32E20019C122 /* GeoFire.h in Sources */,
				88081E231DAE71D800EEB6E2 /* AppDelegate.swift in Sources */,
				88C935B91DB79A170076AD22 /* CheckAroundTableVewControllerTableViewController.swift in Sources */,
				88C935BD1DB79DE80076AD22 /* Sweet.swift in Sources */,
				88C935BB1DB79AED0076AD22 /* User.swift in Sources */,
			);
			runOnlyForDeploymentPostprocessing = 0;
		};
/* End PBXSourcesBuildPhase section */

/* Begin PBXVariantGroup section */
		88081E261DAE71D800EEB6E2 /* Main.storyboard */ = {
			isa = PBXVariantGroup;
			children = (
				88081E271DAE71D800EEB6E2 /* Base */,
			);
			name = Main.storyboard;
			sourceTree = "<group>";
		};
		88081E2B1DAE71D800EEB6E2 /* LaunchScreen.storyboard */ = {
			isa = PBXVariantGroup;
			children = (
				88081E2C1DAE71D800EEB6E2 /* Base */,
			);
			name = LaunchScreen.storyboard;
			sourceTree = "<group>";
		};
/* End PBXVariantGroup section */

/* Begin XCBuildConfiguration section */
		88081E2F1DAE71D800EEB6E2 /* Debug */ = {
			isa = XCBuildConfiguration;
			buildSettings = {
				ALWAYS_SEARCH_USER_PATHS = NO;
				CLANG_ANALYZER_NONNULL = YES;
				CLANG_CXX_LANGUAGE_STANDARD = "gnu++0x";
				CLANG_CXX_LIBRARY = "libc++";
				CLANG_ENABLE_MODULES = YES;
				CLANG_ENABLE_OBJC_ARC = YES;
				CLANG_WARN_BOOL_CONVERSION = YES;
				CLANG_WARN_CONSTANT_CONVERSION = YES;
				CLANG_WARN_DIRECT_OBJC_ISA_USAGE = YES_ERROR;
				CLANG_WARN_DOCUMENTATION_COMMENTS = YES;
				CLANG_WARN_EMPTY_BODY = YES;
				CLANG_WARN_ENUM_CONVERSION = YES;
				CLANG_WARN_INFINITE_RECURSION = YES;
				CLANG_WARN_INT_CONVERSION = YES;
				CLANG_WARN_OBJC_ROOT_CLASS = YES_ERROR;
				CLANG_WARN_SUSPICIOUS_MOVES = YES;
				CLANG_WARN_UNREACHABLE_CODE = YES;
				CLANG_WARN__DUPLICATE_METHOD_MATCH = YES;
				"CODE_SIGN_IDENTITY[sdk=iphoneos*]" = "iPhone Developer";
				COPY_PHASE_STRIP = NO;
				DEBUG_INFORMATION_FORMAT = dwarf;
				ENABLE_STRICT_OBJC_MSGSEND = YES;
				ENABLE_TESTABILITY = YES;
				GCC_C_LANGUAGE_STANDARD = gnu99;
				GCC_DYNAMIC_NO_PIC = NO;
				GCC_NO_COMMON_BLOCKS = YES;
				GCC_OPTIMIZATION_LEVEL = 0;
				GCC_PREPROCESSOR_DEFINITIONS = (
					"DEBUG=1",
					"$(inherited)",
				);
				GCC_WARN_64_TO_32_BIT_CONVERSION = YES;
				GCC_WARN_ABOUT_RETURN_TYPE = YES_ERROR;
				GCC_WARN_UNDECLARED_SELECTOR = YES;
				GCC_WARN_UNINITIALIZED_AUTOS = YES_AGGRESSIVE;
				GCC_WARN_UNUSED_FUNCTION = YES;
				GCC_WARN_UNUSED_VARIABLE = YES;
				IPHONEOS_DEPLOYMENT_TARGET = 10.0;
				MTL_ENABLE_DEBUG_INFO = YES;
				ONLY_ACTIVE_ARCH = YES;
				SDKROOT = iphoneos;
				SWIFT_ACTIVE_COMPILATION_CONDITIONS = DEBUG;
				SWIFT_OPTIMIZATION_LEVEL = "-Onone";
				TARGETED_DEVICE_FAMILY = "1,2";
			};
			name = Debug;
		};
		88081E301DAE71D800EEB6E2 /* Release */ = {
			isa = XCBuildConfiguration;
			buildSettings = {
				ALWAYS_SEARCH_USER_PATHS = NO;
				CLANG_ANALYZER_NONNULL = YES;
				CLANG_CXX_LANGUAGE_STANDARD = "gnu++0x";
				CLANG_CXX_LIBRARY = "libc++";
				CLANG_ENABLE_MODULES = YES;
				CLANG_ENABLE_OBJC_ARC = YES;
				CLANG_WARN_BOOL_CONVERSION = YES;
				CLANG_WARN_CONSTANT_CONVERSION = YES;
				CLANG_WARN_DIRECT_OBJC_ISA_USAGE = YES_ERROR;
				CLANG_WARN_DOCUMENTATION_COMMENTS = YES;
				CLANG_WARN_EMPTY_BODY = YES;
				CLANG_WARN_ENUM_CONVERSION = YES;
				CLANG_WARN_INFINITE_RECURSION = YES;
				CLANG_WARN_INT_CONVERSION = YES;
				CLANG_WARN_OBJC_ROOT_CLASS = YES_ERROR;
				CLANG_WARN_SUSPICIOUS_MOVES = YES;
				CLANG_WARN_UNREACHABLE_CODE = YES;
				CLANG_WARN__DUPLICATE_METHOD_MATCH = YES;
				"CODE_SIGN_IDENTITY[sdk=iphoneos*]" = "iPhone Developer";
				COPY_PHASE_STRIP = NO;
				DEBUG_INFORMATION_FORMAT = "dwarf-with-dsym";
				ENABLE_NS_ASSERTIONS = NO;
				ENABLE_STRICT_OBJC_MSGSEND = YES;
				GCC_C_LANGUAGE_STANDARD = gnu99;
				GCC_NO_COMMON_BLOCKS = YES;
				GCC_WARN_64_TO_32_BIT_CONVERSION = YES;
				GCC_WARN_ABOUT_RETURN_TYPE = YES_ERROR;
				GCC_WARN_UNDECLARED_SELECTOR = YES;
				GCC_WARN_UNINITIALIZED_AUTOS = YES_AGGRESSIVE;
				GCC_WARN_UNUSED_FUNCTION = YES;
				GCC_WARN_UNUSED_VARIABLE = YES;
				IPHONEOS_DEPLOYMENT_TARGET = 10.0;
				MTL_ENABLE_DEBUG_INFO = NO;
				SDKROOT = iphoneos;
				SWIFT_OPTIMIZATION_LEVEL = "-Owholemodule";
				TARGETED_DEVICE_FAMILY = "1,2";
				VALIDATE_PRODUCT = YES;
			};
			name = Release;
		};
		88081E321DAE71D800EEB6E2 /* Debug */ = {
			isa = XCBuildConfiguration;
			baseConfigurationReference = A93C6BE2487265F8BCF696EB /* Pods-checkAround.debug.xcconfig */;
			buildSettings = {
				ASSETCATALOG_COMPILER_APPICON_NAME = AppIcon;
				CODE_SIGN_ENTITLEMENTS = checkAround/checkAround.entitlements;
				DEVELOPMENT_TEAM = FZJ8E7HV9N;
				INFOPLIST_FILE = checkAround/Info.plist;
				LD_RUNPATH_SEARCH_PATHS = "$(inherited) @executable_path/Frameworks";
				PRODUCT_BUNDLE_IDENTIFIER = mathiasericsson.checkAround;
				PRODUCT_NAME = "$(TARGET_NAME)";
				SWIFT_OBJC_BRIDGING_HEADER = "checkAround-Bridging-Header.h";
				SWIFT_VERSION = 3.0;
			};
			name = Debug;
		};
		88081E331DAE71D800EEB6E2 /* Release */ = {
			isa = XCBuildConfiguration;
			baseConfigurationReference = 3C8BEE0FCE7291D1824A8DCE /* Pods-checkAround.release.xcconfig */;
			buildSettings = {
				ASSETCATALOG_COMPILER_APPICON_NAME = AppIcon;
				CODE_SIGN_ENTITLEMENTS = checkAround/checkAround.entitlements;
				DEVELOPMENT_TEAM = FZJ8E7HV9N;
				INFOPLIST_FILE = checkAround/Info.plist;
				LD_RUNPATH_SEARCH_PATHS = "$(inherited) @executable_path/Frameworks";
				PRODUCT_BUNDLE_IDENTIFIER = mathiasericsson.checkAround;
				PRODUCT_NAME = "$(TARGET_NAME)";
				SWIFT_OBJC_BRIDGING_HEADER = "checkAround-Bridging-Header.h";
				SWIFT_VERSION = 3.0;
			};
			name = Release;
		};
/* End XCBuildConfiguration section */

/* Begin XCConfigurationList section */
		88081E1A1DAE71D800EEB6E2 /* Build configuration list for PBXProject "checkAround" */ = {
			isa = XCConfigurationList;
			buildConfigurations = (
				88081E2F1DAE71D800EEB6E2 /* Debug */,
				88081E301DAE71D800EEB6E2 /* Release */,
			);
			defaultConfigurationIsVisible = 0;
			defaultConfigurationName = Release;
		};
		88081E311DAE71D800EEB6E2 /* Build configuration list for PBXNativeTarget "checkAround" */ = {
			isa = XCConfigurationList;
			buildConfigurations = (
				88081E321DAE71D800EEB6E2 /* Debug */,
				88081E331DAE71D800EEB6E2 /* Release */,
			);
			defaultConfigurationIsVisible = 0;
			defaultConfigurationName = Release;
		};
/* End XCConfigurationList section */
	};
	rootObject = 88081E171DAE71D800EEB6E2 /* Project object */;
}
